
Microsoft Visual Studio Solution File, Format Version 12.00
# Visual Studio Version 16
VisualStudioVersion = 16.0.30804.86
MinimumVisualStudioVersion = 10.0.40219.1
Project("{FAE04EC0-301F-11D3-BF4B-00C04F79EFBC}") = "Notes.View", "Notes.View.csproj", "{4F49C144-6AF7-47A1-B75B-2DA75A1F8217}"
EndProject
Project("{FAE04EC0-301F-11D3-BF4B-00C04F79EFBC}") = "Notes.Core", "Notes.Core\Notes.Core.csproj", "{6CC51A89-35D3-417F-8905-B43CDB92AD7C}"
EndProject
Project("{FAE04EC0-301F-11D3-BF4B-00C04F79EFBC}") = "Notes.Models", "Notes.Models\Notes.Models.csproj", "{43ABED94-4708-4B79-AE59-104D7A5242C7}"
EndProject
Project("{FAE04EC0-301F-11D3-BF4B-00C04F79EFBC}") = "Notes.ViewModel", "Notes.ViewModel\Notes.ViewModel.csproj", "{59384D2A-1018-4EE9-93A1-6F26B1ABCA13}"
EndProject
Project("{FAE04EC0-301F-11D3-BF4B-00C04F79EFBC}") = "Notes.Helpers", "..\Notes.Helpers\Notes.Helpers.csproj", "{6FB3B44A-7AE9-4DF4-8931-2CDA6700A395}"
EndProject
Global
	GlobalSection(SolutionConfigurationPlatforms) = preSolution
		Debug|Any CPU = Debug|Any CPU
		Debug|ARM = Debug|ARM
		Debug|ARM64 = Debug|ARM64
		Debug|x64 = Debug|x64
		Debug|x86 = Debug|x86
		Release|Any CPU = Release|Any CPU
		Release|ARM = Release|ARM
		Release|ARM64 = Release|ARM64
		Release|x64 = Release|x64
		Release|x86 = Release|x86
	EndGlobalSection
	GlobalSection(ProjectConfigurationPlatforms) = postSolution
		{4F49C144-6AF7-47A1-B75B-2DA75A1F8217}.Debug|Any CPU.ActiveCfg = Debug|x86
		{4F49C144-6AF7-47A1-B75B-2DA75A1F8217}.Debug|ARM.ActiveCfg = Debug|ARM
		{4F49C144-6AF7-47A1-B75B-2DA75A1F8217}.Debug|ARM.Build.0 = Debug|ARM
		{4F49C144-6AF7-47A1-B75B-2DA75A1F8217}.Debug|ARM.Deploy.0 = Debug|ARM
		{4F49C144-6AF7-47A1-B75B-2DA75A1F8217}.Debug|ARM64.ActiveCfg = Debug|ARM64
		{4F49C144-6AF7-47A1-B75B-2DA75A1F8217}.Debug|ARM64.Build.0 = Debug|ARM64
		{4F49C144-6AF7-47A1-B75B-2DA75A1F8217}.Debug|ARM64.Deploy.0 = Debug|ARM64
		{4F49C144-6AF7-47A1-B75B-2DA75A1F8217}.Debug|x64.ActiveCfg = Debug|x64
		{4F49C144-6AF7-47A1-B75B-2DA75A1F8217}.Debug|x64.Build.0 = Debug|x64
		{4F49C144-6AF7-47A1-B75B-2DA75A1F8217}.Debug|x64.Deploy.0 = Debug|x64
		{4F49C144-6AF7-47A1-B75B-2DA75A1F8217}.Debug|x86.ActiveCfg = Debug|x86
		{4F49C144-6AF7-47A1-B75B-2DA75A1F8217}.Debug|x86.Build.0 = Debug|x86
		{4F49C144-6AF7-47A1-B75B-2DA75A1F8217}.Debug|x86.Deploy.0 = Debug|x86
		{4F49C144-6AF7-47A1-B75B-2DA75A1F8217}.Release|Any CPU.ActiveCfg = Release|x86
		{4F49C144-6AF7-47A1-B75B-2DA75A1F8217}.Release|ARM.ActiveCfg = Release|ARM
		{4F49C144-6AF7-47A1-B75B-2DA75A1F8217}.Release|ARM.Build.0 = Release|ARM
		{4F49C144-6AF7-47A1-B75B-2DA75A1F8217}.Release|ARM.Deploy.0 = Release|ARM
		{4F49C144-6AF7-47A1-B75B-2DA75A1F8217}.Release|ARM64.ActiveCfg = Release|ARM64
		{4F49C144-6AF7-47A1-B75B-2DA75A1F8217}.Release|ARM64.Build.0 = Release|ARM64
		{4F49C144-6AF7-47A1-B75B-2DA75A1F8217}.Release|ARM64.Deploy.0 = Release|ARM64
		{4F49C144-6AF7-47A1-B75B-2DA75A1F8217}.Release|x64.ActiveCfg = Release|x64
		{4F49C144-6AF7-47A1-B75B-2DA75A1F8217}.Release|x64.Build.0 = Release|x64
		{4F49C144-6AF7-47A1-B75B-2DA75A1F8217}.Release|x64.Deploy.0 = Release|x64
		{4F49C144-6AF7-47A1-B75B-2DA75A1F8217}.Release|x86.ActiveCfg = Release|x86
		{4F49C144-6AF7-47A1-B75B-2DA75A1F8217}.Release|x86.Build.0 = Release|x86
		{4F49C144-6AF7-47A1-B75B-2DA75A1F8217}.Release|x86.Deploy.0 = Release|x86
		{6CC51A89-35D3-417F-8905-B43CDB92AD7C}.Debug|Any CPU.ActiveCfg = Debug|Any CPU
		{6CC51A89-35D3-417F-8905-B43CDB92AD7C}.Debug|Any CPU.Build.0 = Debug|Any CPU
		{6CC51A89-35D3-417F-8905-B43CDB92AD7C}.Debug|ARM.ActiveCfg = Debug|Any CPU
		{6CC51A89-35D3-417F-8905-B43CDB92AD7C}.Debug|ARM.Build.0 = Debug|Any CPU
		{6CC51A89-35D3-417F-8905-B43CDB92AD7C}.Debug|ARM64.ActiveCfg = Debug|Any CPU
		{6CC51A89-35D3-417F-8905-B43CDB92AD7C}.Debug|ARM64.Build.0 = Debug|Any CPU
		{6CC51A89-35D3-417F-8905-B43CDB92AD7C}.Debug|x64.ActiveCfg = Debug|Any CPU
		{6CC51A89-35D3-417F-8905-B43CDB92AD7C}.Debug|x64.Build.0 = Debug|Any CPU
		{6CC51A89-35D3-417F-8905-B43CDB92AD7C}.Debug|x86.ActiveCfg = Debug|Any CPU
		{6CC51A89-35D3-417F-8905-B43CDB92AD7C}.Debug|x86.Build.0 = Debug|Any CPU
		{6CC51A89-35D3-417F-8905-B43CDB92AD7C}.Release|Any CPU.ActiveCfg = Release|Any CPU
		{6CC51A89-35D3-417F-8905-B43CDB92AD7C}.Release|Any CPU.Build.0 = Release|Any CPU
		{6CC51A89-35D3-417F-8905-B43CDB92AD7C}.Release|ARM.ActiveCfg = Release|Any CPU
		{6CC51A89-35D3-417F-8905-B43CDB92AD7C}.Release|ARM.Build.0 = Release|Any CPU
		{6CC51A89-35D3-417F-8905-B43CDB92AD7C}.Release|ARM64.ActiveCfg = Release|Any CPU
		{6CC51A89-35D3-417F-8905-B43CDB92AD7C}.Release|ARM64.Build.0 = Release|Any CPU
		{6CC51A89-35D3-417F-8905-B43CDB92AD7C}.Release|x64.ActiveCfg = Release|Any CPU
		{6CC51A89-35D3-417F-8905-B43CDB92AD7C}.Release|x64.Build.0 = Release|Any CPU
		{6CC51A89-35D3-417F-8905-B43CDB92AD7C}.Release|x86.ActiveCfg = Release|Any CPU
		{6CC51A89-35D3-417F-8905-B43CDB92AD7C}.Release|x86.Build.0 = Release|Any CPU
		{43ABED94-4708-4B79-AE59-104D7A5242C7}.Debug|Any CPU.ActiveCfg = Debug|Any CPU
		{43ABED94-4708-4B79-AE59-104D7A5242C7}.Debug|Any CPU.Build.0 = Debug|Any CPU
		{43ABED94-4708-4B79-AE59-104D7A5242C7}.Debug|ARM.ActiveCfg = Debug|ARM
		{43ABED94-4708-4B79-AE59-104D7A5242C7}.Debug|ARM.Build.0 = Debug|ARM
		{43ABED94-4708-4B79-AE59-104D7A5242C7}.Debug|ARM64.ActiveCfg = Debug|ARM64
		{43ABED94-4708-4B79-AE59-104D7A5242C7}.Debug|ARM64.Build.0 = Debug|ARM64
		{43ABED94-4708-4B79-AE59-104D7A5242C7}.Debug|x64.ActiveCfg = Debug|x64
		{43ABED94-4708-4B79-AE59-104D7A5242C7}.Debug|x64.Build.0 = Debug|x64
		{43ABED94-4708-4B79-AE59-104D7A5242C7}.Debug|x86.ActiveCfg = Debug|x86
		{43ABED94-4708-4B79-AE59-104D7A5242C7}.Debug|x86.Build.0 = Debug|x86
		{43ABED94-4708-4B79-AE59-104D7A5242C7}.Release|Any CPU.ActiveCfg = Release|Any CPU
		{43ABED94-4708-4B79-AE59-104D7A5242C7}.Release|Any CPU.Build.0 = Release|Any CPU
		{43ABED94-4708-4B79-AE59-104D7A5242C7}.Release|ARM.ActiveCfg = Release|ARM
		{43ABED94-4708-4B79-AE59-104D7A5242C7}.Release|ARM.Build.0 = Release|ARM
		{43ABED94-4708-4B79-AE59-104D7A5242C7}.Release|ARM64.ActiveCfg = Release|ARM64
		{43ABED94-4708-4B79-AE59-104D7A5242C7}.Release|ARM64.Build.0 = Release|ARM64
		{43ABED94-4708-4B79-AE59-104D7A5242C7}.Release|x64.ActiveCfg = Release|x64
		{43ABED94-4708-4B79-AE59-104D7A5242C7}.Release|x64.Build.0 = Release|x64
		{43ABED94-4708-4B79-AE59-104D7A5242C7}.Release|x86.ActiveCfg = Release|x86
		{43ABED94-4708-4B79-AE59-104D7A5242C7}.Release|x86.Build.0 = Release|x86
		{59384D2A-1018-4EE9-93A1-6F26B1ABCA13}.Debug|Any CPU.ActiveCfg = Debug|Any CPU
		{59384D2A-1018-4EE9-93A1-6F26B1ABCA13}.Debug|Any CPU.Build.0 = Debug|Any CPU
		{59384D2A-1018-4EE9-93A1-6F26B1ABCA13}.Debug|ARM.ActiveCfg = Debug|ARM
		{59384D2A-1018-4EE9-93A1-6F26B1ABCA13}.Debug|ARM.Build.0 = Debug|ARM
		{59384D2A-1018-4EE9-93A1-6F26B1ABCA13}.Debug|ARM64.ActiveCfg = Debug|ARM64
		{59384D2A-1018-4EE9-93A1-6F26B1ABCA13}.Debug|ARM64.Build.0 = Debug|ARM64
		{59384D2A-1018-4EE9-93A1-6F26B1ABCA13}.Debug|x64.ActiveCfg = Debug|x64
		{59384D2A-1018-4EE9-93A1-6F26B1ABCA13}.Debug|x64.Build.0 = Debug|x64
		{59384D2A-1018-4EE9-93A1-6F26B1ABCA13}.Debug|x86.ActiveCfg = Debug|x86
		{59384D2A-1018-4EE9-93A1-6F26B1ABCA13}.Debug|x86.Build.0 = Debug|x86
		{59384D2A-1018-4EE9-93A1-6F26B1ABCA13}.Release|Any CPU.ActiveCfg = Release|Any CPU
		{59384D2A-1018-4EE9-93A1-6F26B1ABCA13}.Release|Any CPU.Build.0 = Release|Any CPU
		{59384D2A-1018-4EE9-93A1-6F26B1ABCA13}.Release|ARM.ActiveCfg = Release|ARM
		{59384D2A-1018-4EE9-93A1-6F26B1ABCA13}.Release|ARM.Build.0 = Release|ARM
		{59384D2A-1018-4EE9-93A1-6F26B1ABCA13}.Release|ARM64.ActiveCfg = Release|ARM64
		{59384D2A-1018-4EE9-93A1-6F26B1ABCA13}.Release|ARM64.Build.0 = Release|ARM64
		{59384D2A-1018-4EE9-93A1-6F26B1ABCA13}.Release|x64.ActiveCfg = Release|x64
		{59384D2A-1018-4EE9-93A1-6F26B1ABCA13}.Release|x64.Build.0 = Release|x64
		{59384D2A-1018-4EE9-93A1-6F26B1ABCA13}.Release|x86.ActiveCfg = Release|x86
		{59384D2A-1018-4EE9-93A1-6F26B1ABCA13}.Release|x86.Build.0 = Release|x86
		{6FB3B44A-7AE9-4DF4-8931-2CDA6700A395}.Debug|Any CPU.ActiveCfg = Debug|Any CPU
		{6FB3B44A-7AE9-4DF4-8931-2CDA6700A395}.Debug|Any CPU.Build.0 = Debug|Any CPU
		{6FB3B44A-7AE9-4DF4-8931-2CDA6700A395}.Debug|ARM.ActiveCfg = Debug|Any CPU
		{6FB3B44A-7AE9-4DF4-8931-2CDA6700A395}.Debug|ARM.Build.0 = Debug|Any CPU
		{6FB3B44A-7AE9-4DF4-8931-2CDA6700A395}.Debug|ARM64.ActiveCfg = Debug|Any CPU
		{6FB3B44A-7AE9-4DF4-8931-2CDA6700A395}.Debug|ARM64.Build.0 = Debug|Any CPU
		{6FB3B44A-7AE9-4DF4-8931-2CDA6700A395}.Debug|x64.ActiveCfg = Debug|Any CPU
		{6FB3B44A-7AE9-4DF4-8931-2CDA6700A395}.Debug|x64.Build.0 = Debug|Any CPU
		{6FB3B44A-7AE9-4DF4-8931-2CDA6700A395}.Debug|x86.ActiveCfg = Debug|Any CPU
		{6FB3B44A-7AE9-4DF4-8931-2CDA6700A395}.Debug|x86.Build.0 = Debug|Any CPU
		{6FB3B44A-7AE9-4DF4-8931-2CDA6700A395}.Release|Any CPU.ActiveCfg = Release|Any CPU
		{6FB3B44A-7AE9-4DF4-8931-2CDA6700A395}.Release|Any CPU.Build.0 = Release|Any CPU
		{6FB3B44A-7AE9-4DF4-8931-2CDA6700A395}.Release|ARM.ActiveCfg = Release|Any CPU
		{6FB3B44A-7AE9-4DF4-8931-2CDA6700A395}.Release|ARM.Build.0 = Release|Any CPU
		{6FB3B44A-7AE9-4DF4-8931-2CDA6700A395}.Release|ARM64.ActiveCfg = Release|Any CPU
		{6FB3B44A-7AE9-4DF4-8931-2CDA6700A395}.Release|ARM64.Build.0 = Release|Any CPU
		{6FB3B44A-7AE9-4DF4-8931-2CDA6700A395}.Release|x64.ActiveCfg = Release|Any CPU
		{6FB3B44A-7AE9-4DF4-8931-2CDA6700A395}.Release|x64.Build.0 = Release|Any CPU
		{6FB3B44A-7AE9-4DF4-8931-2CDA6700A395}.Release|x86.ActiveCfg = Release|Any CPU
		{6FB3B44A-7AE9-4DF4-8931-2CDA6700A395}.Release|x86.Build.0 = Release|Any CPU
	EndGlobalSection
	GlobalSection(SolutionProperties) = preSolution
		HideSolutionNode = FALSE
	EndGlobalSection
	GlobalSection(ExtensibilityGlobals) = postSolution
		SolutionGuid = {5121E318-3595-43D9-97F3-698CA281200D}
	EndGlobalSection
EndGlobal
